
Microsoft Visual Studio Solution File, Format Version 12.00
# Visual Studio 15
VisualStudioVersion = 15.0.27130.2020
MinimumVisualStudioVersion = 10.0.40219.1
Project("{FAE04EC0-301F-11D3-BF4B-00C04F79EFBC}") = "Thanos.Common", "Thanos.Common\Thanos.Common.csproj", "{2395B0FC-28DA-4AD0-9736-7EDEC41BE4EF}"
EndProject
Global
	GlobalSection(SolutionConfigurationPlatforms) = preSolution
		Debug|Any CPU = Debug|Any CPU
		Release|Any CPU = Release|Any CPU
	EndGlobalSection
	GlobalSection(ProjectConfigurationPlatforms) = postSolution
		{2395B0FC-28DA-4AD0-9736-7EDEC41BE4EF}.Debug|Any CPU.ActiveCfg = Debug|Any CPU
		{2395B0FC-28DA-4AD0-9736-7EDEC41BE4EF}.Debug|Any CPU.Build.0 = Debug|Any CPU
		{2395B0FC-28DA-4AD0-9736-7EDEC41BE4EF}.Release|Any CPU.ActiveCfg = Release|Any CPU
		{2395B0FC-28DA-4AD0-9736-7EDEC41BE4EF}.Release|Any CPU.Build.0 = Release|Any CPU
	EndGlobalSection
	GlobalSection(SolutionProperties) = preSolution
		HideSolutionNode = FALSE
	EndGlobalSection
	GlobalSection(ExtensibilityGlobals) = postSolution
		SolutionGuid = {4D27BB80-5CA0-4581-AE50-CC3597517B04}
	EndGlobalSection
EndGlobal
